// !$*UTF8*$!
{
	archiveVersion = 1;
	classes = {
	};
	objectVersion = 46;
	objects = {

/* Begin PBXBuildFile section */
		F40B68C11CEC9FE500F334DA /* MockDataGenerator.swift in Sources */ = {isa = PBXBuildFile; fileRef = F40B68C01CEC9FE500F334DA /* MockDataGenerator.swift */; };
		F47E4D871CEA28AE00A8D6A0 /* LogController.swift in Sources */ = {isa = PBXBuildFile; fileRef = F47E4D841CEA28AE00A8D6A0 /* LogController.swift */; };
		F47E4D8D1CEA28B900A8D6A0 /* LogFilter.swift in Sources */ = {isa = PBXBuildFile; fileRef = F47E4D8B1CEA28B900A8D6A0 /* LogFilter.swift */; };
		F47E4D8E1CEA28B900A8D6A0 /* AppDelegate.swift in Sources */ = {isa = PBXBuildFile; fileRef = F47E4D8C1CEA28B900A8D6A0 /* AppDelegate.swift */; };
		F47E4D911CEA294B00A8D6A0 /* Log.framework in Frameworks */ = {isa = PBXBuildFile; fileRef = F47E4D901CEA294B00A8D6A0 /* Log.framework */; };
		F47E4D931CEA2A2B00A8D6A0 /* Global.swift in Sources */ = {isa = PBXBuildFile; fileRef = F47E4D921CEA2A2B00A8D6A0 /* Global.swift */; };
		F47E4D971CEB55C300A8D6A0 /* FilterView.swift in Sources */ = {isa = PBXBuildFile; fileRef = F47E4D961CEB55C300A8D6A0 /* FilterView.swift */; };
		F47E4D9A1CEB629D00A8D6A0 /* MultiLineTextCell.swift in Sources */ = {isa = PBXBuildFile; fileRef = F47E4D991CEB629D00A8D6A0 /* MultiLineTextCell.swift */; };
		F48A6B731CEE15EC0002A100 /* String+Size.swift in Sources */ = {isa = PBXBuildFile; fileRef = F48A6B721CEE15EC0002A100 /* String+Size.swift */; };
		F48A6B771CEE51250002A100 /* PrettyLog.swift in Sources */ = {isa = PBXBuildFile; fileRef = F48A6B761CEE51250002A100 /* PrettyLog.swift */; };
/* End PBXBuildFile section */

/* Begin PBXCopyFilesBuildPhase section */
		0EE173AD1AFCFEC80021F3A8 /* Embed Frameworks */ = {
			isa = PBXCopyFilesBuildPhase;
			buildActionMask = 2147483647;
			dstPath = "";
			dstSubfolderSpec = 10;
			files = (
			);
			name = "Embed Frameworks";
			runOnlyForDeploymentPostprocessing = 0;
		};
/* End PBXCopyFilesBuildPhase section */

/* Begin PBXFileReference section */
		0EE173751AFCFC990021F3A8 /* Log Sample App.app */ = {isa = PBXFileReference; explicitFileType = wrapper.application; includeInIndex = 0; path = "Log Sample App.app"; sourceTree = BUILT_PRODUCTS_DIR; };
		F40B68C01CEC9FE500F334DA /* MockDataGenerator.swift */ = {isa = PBXFileReference; fileEncoding = 4; lastKnownFileType = sourcecode.swift; path = MockDataGenerator.swift; sourceTree = "<group>"; };
		F47E4D841CEA28AE00A8D6A0 /* LogController.swift */ = {isa = PBXFileReference; fileEncoding = 4; lastKnownFileType = sourcecode.swift; path = LogController.swift; sourceTree = "<group>"; };
		F47E4D8B1CEA28B900A8D6A0 /* LogFilter.swift */ = {isa = PBXFileReference; fileEncoding = 4; lastKnownFileType = sourcecode.swift; path = LogFilter.swift; sourceTree = "<group>"; };
		F47E4D8C1CEA28B900A8D6A0 /* AppDelegate.swift */ = {isa = PBXFileReference; fileEncoding = 4; lastKnownFileType = sourcecode.swift; path = AppDelegate.swift; sourceTree = "<group>"; };
		F47E4D901CEA294B00A8D6A0 /* Log.framework */ = {isa = PBXFileReference; lastKnownFileType = wrapper.framework; name = Log.framework; path = "../Debug-iphonesimulator/Log.framework"; sourceTree = BUILT_PRODUCTS_DIR; };
		F47E4D921CEA2A2B00A8D6A0 /* Global.swift */ = {isa = PBXFileReference; fileEncoding = 4; lastKnownFileType = sourcecode.swift; path = Global.swift; sourceTree = "<group>"; };
		F47E4D961CEB55C300A8D6A0 /* FilterView.swift */ = {isa = PBXFileReference; fileEncoding = 4; lastKnownFileType = sourcecode.swift; name = FilterView.swift; path = Views/FilterView.swift; sourceTree = "<group>"; };
		F47E4D991CEB629D00A8D6A0 /* MultiLineTextCell.swift */ = {isa = PBXFileReference; fileEncoding = 4; lastKnownFileType = sourcecode.swift; name = MultiLineTextCell.swift; path = Views/MultiLineTextCell.swift; sourceTree = "<group>"; };
		F48A6B721CEE15EC0002A100 /* String+Size.swift */ = {isa = PBXFileReference; fileEncoding = 4; lastKnownFileType = sourcecode.swift; path = "String+Size.swift"; sourceTree = "<group>"; };
		F48A6B761CEE51250002A100 /* PrettyLog.swift */ = {isa = PBXFileReference; fileEncoding = 4; lastKnownFileType = sourcecode.swift; name = PrettyLog.swift; path = Utilities/PrettyLog.swift; sourceTree = "<group>"; };
/* End PBXFileReference section */

/* Begin PBXFrameworksBuildPhase section */
		0EE173721AFCFC990021F3A8 /* Frameworks */ = {
			isa = PBXFrameworksBuildPhase;
			buildActionMask = 2147483647;
			files = (
				F47E4D911CEA294B00A8D6A0 /* Log.framework in Frameworks */,
			);
			runOnlyForDeploymentPostprocessing = 0;
		};
/* End PBXFrameworksBuildPhase section */

/* Begin PBXGroup section */
		0EE1736C1AFCFC990021F3A8 = {
			isa = PBXGroup;
			children = (
				0EE1739A1AFCFD110021F3A8 /* Source */,
				0EE173761AFCFC990021F3A8 /* Products */,
				F47E4D8F1CEA290B00A8D6A0 /* Frameworks */,
			);
			sourceTree = "<group>";
		};
		0EE173761AFCFC990021F3A8 /* Products */ = {
			isa = PBXGroup;
			children = (
				0EE173751AFCFC990021F3A8 /* Log Sample App.app */,
			);
			name = Products;
			sourceTree = "<group>";
		};
		0EE1739A1AFCFD110021F3A8 /* Source */ = {
			isa = PBXGroup;
			children = (
				F47E4D8A1CEA28B900A8D6A0 /* App */,
				F47E4D831CEA28AE00A8D6A0 /* Log */,
				F40B68CE1CED105E00F334DA /* Utilities */,
			);
			path = Source;
			sourceTree = "<group>";
		};
		F40B68CE1CED105E00F334DA /* Utilities */ = {
			isa = PBXGroup;
			children = (
				F48A6B721CEE15EC0002A100 /* String+Size.swift */,
				F48A6B761CEE51250002A100 /* PrettyLog.swift */,
			);
			name = Utilities;
			sourceTree = "<group>";
		};
		F47E4D831CEA28AE00A8D6A0 /* Log */ = {
			isa = PBXGroup;
			children = (
				F47E4D981CEB628400A8D6A0 /* Views */,
				F47E4D841CEA28AE00A8D6A0 /* LogController.swift */,
			);
			path = Log;
			sourceTree = "<group>";
		};
		F47E4D8A1CEA28B900A8D6A0 /* App */ = {
			isa = PBXGroup;
			children = (
				F47E4D8B1CEA28B900A8D6A0 /* LogFilter.swift */,
				F47E4D8C1CEA28B900A8D6A0 /* AppDelegate.swift */,
				F47E4D921CEA2A2B00A8D6A0 /* Global.swift */,
				F40B68C01CEC9FE500F334DA /* MockDataGenerator.swift */,
			);
			path = App;
			sourceTree = "<group>";
		};
		F47E4D8F1CEA290B00A8D6A0 /* Frameworks */ = {
			isa = PBXGroup;
			children = (
				F47E4D901CEA294B00A8D6A0 /* Log.framework */,
			);
			name = Frameworks;
			sourceTree = "<group>";
		};
		F47E4D981CEB628400A8D6A0 /* Views */ = {
			isa = PBXGroup;
			children = (
				F47E4D991CEB629D00A8D6A0 /* MultiLineTextCell.swift */,
				F47E4D961CEB55C300A8D6A0 /* FilterView.swift */,
			);
			name = Views;
			sourceTree = "<group>";
		};
/* End PBXGroup section */

/* Begin PBXNativeTarget section */
		0EE173741AFCFC990021F3A8 /* Log Sample App */ = {
			isa = PBXNativeTarget;
			buildConfigurationList = 0EE173941AFCFC9A0021F3A8 /* Build configuration list for PBXNativeTarget "Log Sample App" */;
			buildPhases = (
				0EE173711AFCFC990021F3A8 /* Sources */,
				0EE173721AFCFC990021F3A8 /* Frameworks */,
				0EE173731AFCFC990021F3A8 /* Resources */,
				0EE173AD1AFCFEC80021F3A8 /* Embed Frameworks */,
			);
			buildRules = (
			);
			dependencies = (
			);
			name = "Log Sample App";
			productName = FSLLogSampleApp;
			productReference = 0EE173751AFCFC990021F3A8 /* Log Sample App.app */;
			productType = "com.apple.product-type.application";
		};
/* End PBXNativeTarget section */

/* Begin PBXProject section */
		0EE1736D1AFCFC990021F3A8 /* Project object */ = {
			isa = PBXProject;
			attributes = {
				LastSwiftUpdateCheck = 0700;
				LastUpgradeCheck = 0700;
				ORGANIZATIONNAME = "Fossil Group, Inc.";
				TargetAttributes = {
					0EE173741AFCFC990021F3A8 = {
						CreatedOnToolsVersion = 6.3;
					};
				};
			};
			buildConfigurationList = 0EE173701AFCFC990021F3A8 /* Build configuration list for PBXProject "SampleApp" */;
			compatibilityVersion = "Xcode 3.2";
			developmentRegion = English;
			hasScannedForEncodings = 0;
			knownRegions = (
				en,
				Base,
			);
			mainGroup = 0EE1736C1AFCFC990021F3A8;
			productRefGroup = 0EE173761AFCFC990021F3A8 /* Products */;
			projectDirPath = "";
			projectRoot = "";
			targets = (
				0EE173741AFCFC990021F3A8 /* Log Sample App */,
			);
		};
/* End PBXProject section */

/* Begin PBXResourcesBuildPhase section */
		0EE173731AFCFC990021F3A8 /* Resources */ = {
			isa = PBXResourcesBuildPhase;
			buildActionMask = 2147483647;
			files = (
			);
			runOnlyForDeploymentPostprocessing = 0;
		};
/* End PBXResourcesBuildPhase section */

/* Begin PBXSourcesBuildPhase section */
		0EE173711AFCFC990021F3A8 /* Sources */ = {
			isa = PBXSourcesBuildPhase;
			buildActionMask = 2147483647;
			files = (
				F48A6B731CEE15EC0002A100 /* String+Size.swift in Sources */,
				F48A6B771CEE51250002A100 /* PrettyLog.swift in Sources */,
				F47E4D971CEB55C300A8D6A0 /* FilterView.swift in Sources */,
				F47E4D871CEA28AE00A8D6A0 /* LogController.swift in Sources */,
				F47E4D8D1CEA28B900A8D6A0 /* LogFilter.swift in Sources */,
				F47E4D9A1CEB629D00A8D6A0 /* MultiLineTextCell.swift in Sources */,
				F47E4D931CEA2A2B00A8D6A0 /* Global.swift in Sources */,
				F40B68C11CEC9FE500F334DA /* MockDataGenerator.swift in Sources */,
				F47E4D8E1CEA28B900A8D6A0 /* AppDelegate.swift in Sources */,
			);
			runOnlyForDeploymentPostprocessing = 0;
		};
/* End PBXSourcesBuildPhase section */

/* Begin XCBuildConfiguration section */
		0EE173921AFCFC9A0021F3A8 /* Debug */ = {
			isa = XCBuildConfiguration;
			buildSettings = {
				ALWAYS_SEARCH_USER_PATHS = NO;
				CLANG_CXX_LANGUAGE_STANDARD = "gnu++0x";
				CLANG_CXX_LIBRARY = "libc++";
				CLANG_ENABLE_MODULES = YES;
				CLANG_ENABLE_OBJC_ARC = YES;
				CLANG_WARN_BOOL_CONVERSION = YES;
				CLANG_WARN_CONSTANT_CONVERSION = YES;
				CLANG_WARN_DIRECT_OBJC_ISA_USAGE = YES_ERROR;
				CLANG_WARN_EMPTY_BODY = YES;
				CLANG_WARN_ENUM_CONVERSION = YES;
				CLANG_WARN_INT_CONVERSION = YES;
				CLANG_WARN_OBJC_ROOT_CLASS = YES_ERROR;
				CLANG_WARN_UNREACHABLE_CODE = YES;
				CLANG_WARN__DUPLICATE_METHOD_MATCH = YES;
				"CODE_SIGN_IDENTITY[sdk=iphoneos*]" = "iPhone Developer";
				COPY_PHASE_STRIP = NO;
				DEBUG_INFORMATION_FORMAT = "dwarf-with-dsym";
				ENABLE_STRICT_OBJC_MSGSEND = YES;
				ENABLE_TESTABILITY = YES;
				GCC_C_LANGUAGE_STANDARD = gnu99;
				GCC_DYNAMIC_NO_PIC = NO;
				GCC_NO_COMMON_BLOCKS = YES;
				GCC_OPTIMIZATION_LEVEL = 0;
				GCC_PREPROCESSOR_DEFINITIONS = (
					"DEBUG=1",
					"$(inherited)",
				);
				GCC_SYMBOLS_PRIVATE_EXTERN = NO;
				GCC_WARN_64_TO_32_BIT_CONVERSION = YES;
				GCC_WARN_ABOUT_RETURN_TYPE = YES_ERROR;
				GCC_WARN_UNDECLARED_SELECTOR = YES;
				GCC_WARN_UNINITIALIZED_AUTOS = YES_AGGRESSIVE;
				GCC_WARN_UNUSED_FUNCTION = YES;
				GCC_WARN_UNUSED_VARIABLE = YES;
				IPHONEOS_DEPLOYMENT_TARGET = 8.3;
				MTL_ENABLE_DEBUG_INFO = YES;
				ONLY_ACTIVE_ARCH = YES;
				SDKROOT = iphoneos;
				SWIFT_OPTIMIZATION_LEVEL = "-Onone";
				TARGETED_DEVICE_FAMILY = "1,2";
			};
			name = Debug;
		};
		0EE173931AFCFC9A0021F3A8 /* Release */ = {
			isa = XCBuildConfiguration;
			buildSettings = {
				ALWAYS_SEARCH_USER_PATHS = NO;
				CLANG_CXX_LANGUAGE_STANDARD = "gnu++0x";
				CLANG_CXX_LIBRARY = "libc++";
				CLANG_ENABLE_MODULES = YES;
				CLANG_ENABLE_OBJC_ARC = YES;
				CLANG_WARN_BOOL_CONVERSION = YES;
				CLANG_WARN_CONSTANT_CONVERSION = YES;
				CLANG_WARN_DIRECT_OBJC_ISA_USAGE = YES_ERROR;
				CLANG_WARN_EMPTY_BODY = YES;
				CLANG_WARN_ENUM_CONVERSION = YES;
				CLANG_WARN_INT_CONVERSION = YES;
				CLANG_WARN_OBJC_ROOT_CLASS = YES_ERROR;
				CLANG_WARN_UNREACHABLE_CODE = YES;
				CLANG_WARN__DUPLICATE_METHOD_MATCH = YES;
				"CODE_SIGN_IDENTITY[sdk=iphoneos*]" = "iPhone Developer";
				COPY_PHASE_STRIP = NO;
				DEBUG_INFORMATION_FORMAT = "dwarf-with-dsym";
				ENABLE_NS_ASSERTIONS = NO;
				ENABLE_STRICT_OBJC_MSGSEND = YES;
				GCC_C_LANGUAGE_STANDARD = gnu99;
				GCC_NO_COMMON_BLOCKS = YES;
				GCC_WARN_64_TO_32_BIT_CONVERSION = YES;
				GCC_WARN_ABOUT_RETURN_TYPE = YES_ERROR;
				GCC_WARN_UNDECLARED_SELECTOR = YES;
				GCC_WARN_UNINITIALIZED_AUTOS = YES_AGGRESSIVE;
				GCC_WARN_UNUSED_FUNCTION = YES;
				GCC_WARN_UNUSED_VARIABLE = YES;
				IPHONEOS_DEPLOYMENT_TARGET = 8.3;
				MTL_ENABLE_DEBUG_INFO = NO;
				SDKROOT = iphoneos;
				TARGETED_DEVICE_FAMILY = "1,2";
				VALIDATE_PRODUCT = YES;
			};
			name = Release;
		};
		0EE173951AFCFC9A0021F3A8 /* Debug */ = {
			isa = XCBuildConfiguration;
			buildSettings = {
				ASSETCATALOG_COMPILER_APPICON_NAME = AppIcon;
				CODE_SIGN_IDENTITY = "iPhone Developer";
				FRAMEWORK_SEARCH_PATHS = "$(inherited)";
				INFOPLIST_FILE = Info.plist;
				LD_RUNPATH_SEARCH_PATHS = "$(inherited) @executable_path/Frameworks";
				PRODUCT_BUNDLE_IDENTIFIER = "com.fossil.$(PRODUCT_NAME:rfc1034identifier)";
				PRODUCT_NAME = "$(TARGET_NAME)";
			};
			name = Debug;
		};
		0EE173961AFCFC9A0021F3A8 /* Release */ = {
			isa = XCBuildConfiguration;
			buildSettings = {
				ASSETCATALOG_COMPILER_APPICON_NAME = AppIcon;
				CODE_SIGN_IDENTITY = "iPhone Developer";
				FRAMEWORK_SEARCH_PATHS = "$(inherited)";
				INFOPLIST_FILE = Info.plist;
				LD_RUNPATH_SEARCH_PATHS = "$(inherited) @executable_path/Frameworks";
				PRODUCT_BUNDLE_IDENTIFIER = "com.fossil.$(PRODUCT_NAME:rfc1034identifier)";
				PRODUCT_NAME = "$(TARGET_NAME)";
			};
			name = Release;
		};
/* End XCBuildConfiguration section */

/* Begin XCConfigurationList section */
		0EE173701AFCFC990021F3A8 /* Build configuration list for PBXProject "SampleApp" */ = {
			isa = XCConfigurationList;
			buildConfigurations = (
				0EE173921AFCFC9A0021F3A8 /* Debug */,
				0EE173931AFCFC9A0021F3A8 /* Release */,
			);
			defaultConfigurationIsVisible = 0;
			defaultConfigurationName = Release;
		};
		0EE173941AFCFC9A0021F3A8 /* Build configuration list for PBXNativeTarget "Log Sample App" */ = {
			isa = XCConfigurationList;
			buildConfigurations = (
				0EE173951AFCFC9A0021F3A8 /* Debug */,
				0EE173961AFCFC9A0021F3A8 /* Release */,
			);
			defaultConfigurationIsVisible = 0;
			defaultConfigurationName = Release;
		};
/* End XCConfigurationList section */
	};
	rootObject = 0EE1736D1AFCFC990021F3A8 /* Project object */;
}
